
Microsoft Visual Studio Solution File, Format Version 12.00
# Visual Studio Version 17
VisualStudioVersion = 17.11.35431.28
MinimumVisualStudioVersion = 10.0.40219.1
Project("{9A19103F-16F7-4668-BE54-9A1E7A4F7556}") = "SleekPrint", "SleekPrint\SleekPrint.csproj", "{5CFB842E-EF5F-4ECD-8538-1F1C713BF126}"
EndProject
Project("{9A19103F-16F7-4668-BE54-9A1E7A4F7556}") = "SleekPrint.DataAccess", "SleekPrint.DataAccess\SleekPrint.DataAccess.csproj", "{0B2424AA-EE53-4F57-89AE-8C379183EE42}"
EndProject
Project("{9A19103F-16F7-4668-BE54-9A1E7A4F7556}") = "SleekPrint.Models", "SleekPrint.Models\SleekPrint.Models.csproj", "{004F51AA-EE73-403A-91FF-1F8FEB26D692}"
EndProject
Project("{9A19103F-16F7-4668-BE54-9A1E7A4F7556}") = "SleekPrint.Utility", "SleekPrint.Utility\SleekPrint.Utility.csproj", "{A0A052CD-2384-4B91-B738-00CF3937DCB3}"
EndProject
Global
	GlobalSection(SolutionConfigurationPlatforms) = preSolution
		Debug|Any CPU = Debug|Any CPU
		Release|Any CPU = Release|Any CPU
	EndGlobalSection
	GlobalSection(ProjectConfigurationPlatforms) = postSolution
		{5CFB842E-EF5F-4ECD-8538-1F1C713BF126}.Debug|Any CPU.ActiveCfg = Debug|Any CPU
		{5CFB842E-EF5F-4ECD-8538-1F1C713BF126}.Debug|Any CPU.Build.0 = Debug|Any CPU
		{5CFB842E-EF5F-4ECD-8538-1F1C713BF126}.Release|Any CPU.ActiveCfg = Release|Any CPU
		{5CFB842E-EF5F-4ECD-8538-1F1C713BF126}.Release|Any CPU.Build.0 = Release|Any CPU
		{0B2424AA-EE53-4F57-89AE-8C379183EE42}.Debug|Any CPU.ActiveCfg = Debug|Any CPU
		{0B2424AA-EE53-4F57-89AE-8C379183EE42}.Debug|Any CPU.Build.0 = Debug|Any CPU
		{0B2424AA-EE53-4F57-89AE-8C379183EE42}.Release|Any CPU.ActiveCfg = Release|Any CPU
		{0B2424AA-EE53-4F57-89AE-8C379183EE42}.Release|Any CPU.Build.0 = Release|Any CPU
		{004F51AA-EE73-403A-91FF-1F8FEB26D692}.Debug|Any CPU.ActiveCfg = Debug|Any CPU
		{004F51AA-EE73-403A-91FF-1F8FEB26D692}.Debug|Any CPU.Build.0 = Debug|Any CPU
		{004F51AA-EE73-403A-91FF-1F8FEB26D692}.Release|Any CPU.ActiveCfg = Release|Any CPU
		{004F51AA-EE73-403A-91FF-1F8FEB26D692}.Release|Any CPU.Build.0 = Release|Any CPU
		{A0A052CD-2384-4B91-B738-00CF3937DCB3}.Debug|Any CPU.ActiveCfg = Debug|Any CPU
		{A0A052CD-2384-4B91-B738-00CF3937DCB3}.Debug|Any CPU.Build.0 = Debug|Any CPU
		{A0A052CD-2384-4B91-B738-00CF3937DCB3}.Release|Any CPU.ActiveCfg = Release|Any CPU
		{A0A052CD-2384-4B91-B738-00CF3937DCB3}.Release|Any CPU.Build.0 = Release|Any CPU
	EndGlobalSection
	GlobalSection(SolutionProperties) = preSolution
		HideSolutionNode = FALSE
	EndGlobalSection
	GlobalSection(ExtensibilityGlobals) = postSolution
		SolutionGuid = {DF1A6986-F605-432A-893D-CD824A22210F}
	EndGlobalSection
EndGlobal
